// !$*UTF8*$!
{
	archiveVersion = 1;
	classes = {
	};
	objectVersion = 56;
	objects = {

/* Begin PBXBuildFile section */
		5E756E012A5E092600EBA866 /* WordScrambleApp.swift in Sources */ = {isa = PBXBuildFile; fileRef = 5E756E002A5E092600EBA866 /* WordScrambleApp.swift */; };
		5E756E052A5E092700EBA866 /* Assets.xcassets in Resources */ = {isa = PBXBuildFile; fileRef = 5E756E042A5E092700EBA866 /* Assets.xcassets */; };
		5E756E092A5E092700EBA866 /* Preview Assets.xcassets in Resources */ = {isa = PBXBuildFile; fileRef = 5E756E082A5E092700EBA866 /* Preview Assets.xcassets */; };
		5E756E132A5E092700EBA866 /* WordScrambleTests.swift in Sources */ = {isa = PBXBuildFile; fileRef = 5E756E122A5E092700EBA866 /* WordScrambleTests.swift */; };
		5E756E1D2A5E092700EBA866 /* WordScrambleUITests.swift in Sources */ = {isa = PBXBuildFile; fileRef = 5E756E1C2A5E092700EBA866 /* WordScrambleUITests.swift */; };
		5E756E1F2A5E092700EBA866 /* WordScrambleUITestsLaunchTests.swift in Sources */ = {isa = PBXBuildFile; fileRef = 5E756E1E2A5E092700EBA866 /* WordScrambleUITestsLaunchTests.swift */; };
		5E756E2C2A5E096900EBA866 /* start.txt in Resources */ = {isa = PBXBuildFile; fileRef = 5E756E2B2A5E096900EBA866 /* start.txt */; };
		5E756E2E2A5E0CEE00EBA866 /* ContentView.swift in Sources */ = {isa = PBXBuildFile; fileRef = 5E756E2D2A5E0CEE00EBA866 /* ContentView.swift */; };
/* End PBXBuildFile section */

/* Begin PBXContainerItemProxy section */
		5E756E0F2A5E092700EBA866 /* PBXContainerItemProxy */ = {
			isa = PBXContainerItemProxy;
			containerPortal = 5E756DF52A5E092600EBA866 /* Project object */;
			proxyType = 1;
			remoteGlobalIDString = 5E756DFC2A5E092600EBA866;
			remoteInfo = WordScramble;
		};
		5E756E192A5E092700EBA866 /* PBXContainerItemProxy */ = {
			isa = PBXContainerItemProxy;
			containerPortal = 5E756DF52A5E092600EBA866 /* Project object */;
			proxyType = 1;
			remoteGlobalIDString = 5E756DFC2A5E092600EBA866;
			remoteInfo = WordScramble;
		};
/* End PBXContainerItemProxy section */

/* Begin PBXFileReference section */
		5E756DFD2A5E092600EBA866 /* WordScramble.app */ = {isa = PBXFileReference; explicitFileType = wrapper.application; includeInIndex = 0; path = WordScramble.app; sourceTree = BUILT_PRODUCTS_DIR; };
		5E756E002A5E092600EBA866 /* WordScrambleApp.swift */ = {isa = PBXFileReference; lastKnownFileType = sourcecode.swift; path = WordScrambleApp.swift; sourceTree = "<group>"; };
		5E756E042A5E092700EBA866 /* Assets.xcassets */ = {isa = PBXFileReference; lastKnownFileType = folder.assetcatalog; path = Assets.xcassets; sourceTree = "<group>"; };
		5E756E062A5E092700EBA866 /* WordScramble.entitlements */ = {isa = PBXFileReference; lastKnownFileType = text.plist.entitlements; path = WordScramble.entitlements; sourceTree = "<group>"; };
		5E756E082A5E092700EBA866 /* Preview Assets.xcassets */ = {isa = PBXFileReference; lastKnownFileType = folder.assetcatalog; path = "Preview Assets.xcassets"; sourceTree = "<group>"; };
		5E756E0E2A5E092700EBA866 /* WordScrambleTests.xctest */ = {isa = PBXFileReference; explicitFileType = wrapper.cfbundle; includeInIndex = 0; path = WordScrambleTests.xctest; sourceTree = BUILT_PRODUCTS_DIR; };
		5E756E122A5E092700EBA866 /* WordScrambleTests.swift */ = {isa = PBXFileReference; lastKnownFileType = sourcecode.swift; path = WordScrambleTests.swift; sourceTree = "<group>"; };
		5E756E182A5E092700EBA866 /* WordScrambleUITests.xctest */ = {isa = PBXFileReference; explicitFileType = wrapper.cfbundle; includeInIndex = 0; path = WordScrambleUITests.xctest; sourceTree = BUILT_PRODUCTS_DIR; };
		5E756E1C2A5E092700EBA866 /* WordScrambleUITests.swift */ = {isa = PBXFileReference; lastKnownFileType = sourcecode.swift; path = WordScrambleUITests.swift; sourceTree = "<group>"; };
		5E756E1E2A5E092700EBA866 /* WordScrambleUITestsLaunchTests.swift */ = {isa = PBXFileReference; lastKnownFileType = sourcecode.swift; path = WordScrambleUITestsLaunchTests.swift; sourceTree = "<group>"; };
		5E756E2B2A5E096900EBA866 /* start.txt */ = {isa = PBXFileReference; fileEncoding = 4; lastKnownFileType = text; path = start.txt; sourceTree = "<group>"; };
		5E756E2D2A5E0CEE00EBA866 /* ContentView.swift */ = {isa = PBXFileReference; lastKnownFileType = sourcecode.swift; path = ContentView.swift; sourceTree = "<group>"; };
/* End PBXFileReference section */

/* Begin PBXFrameworksBuildPhase section */
		5E756DFA2A5E092600EBA866 /* Frameworks */ = {
			isa = PBXFrameworksBuildPhase;
			buildActionMask = 2147483647;
			files = (
			);
			runOnlyForDeploymentPostprocessing = 0;
		};
		5E756E0B2A5E092700EBA866 /* Frameworks */ = {
			isa = PBXFrameworksBuildPhase;
			buildActionMask = 2147483647;
			files = (
			);
			runOnlyForDeploymentPostprocessing = 0;
		};
		5E756E152A5E092700EBA866 /* Frameworks */ = {
			isa = PBXFrameworksBuildPhase;
			buildActionMask = 2147483647;
			files = (
			);
			runOnlyForDeploymentPostprocessing = 0;
		};
/* End PBXFrameworksBuildPhase section */

/* Begin PBXGroup section */
		5E756DF42A5E092600EBA866 = {
			isa = PBXGroup;
			children = (
				5E756DFF2A5E092600EBA866 /* WordScramble */,
				5E756E112A5E092700EBA866 /* WordScrambleTests */,
				5E756E1B2A5E092700EBA866 /* WordScrambleUITests */,
				5E756DFE2A5E092600EBA866 /* Products */,
			);
			sourceTree = "<group>";
		};
		5E756DFE2A5E092600EBA866 /* Products */ = {
			isa = PBXGroup;
			children = (
				5E756DFD2A5E092600EBA866 /* WordScramble.app */,
				5E756E0E2A5E092700EBA866 /* WordScrambleTests.xctest */,
				5E756E182A5E092700EBA866 /* WordScrambleUITests.xctest */,
			);
			name = Products;
			sourceTree = "<group>";
		};
		5E756DFF2A5E092600EBA866 /* WordScramble */ = {
			isa = PBXGroup;
			children = (
				5E756E2B2A5E096900EBA866 /* start.txt */,
				5E756E002A5E092600EBA866 /* WordScrambleApp.swift */,
				5E756E2D2A5E0CEE00EBA866 /* ContentView.swift */,
				5E756E042A5E092700EBA866 /* Assets.xcassets */,
				5E756E062A5E092700EBA866 /* WordScramble.entitlements */,
				5E756E072A5E092700EBA866 /* Preview Content */,
			);
			path = WordScramble;
			sourceTree = "<group>";
		};
		5E756E072A5E092700EBA866 /* Preview Content */ = {
			isa = PBXGroup;
			children = (
				5E756E082A5E092700EBA866 /* Preview Assets.xcassets */,
			);
			path = "Preview Content";
			sourceTree = "<group>";
		};
		5E756E112A5E092700EBA866 /* WordScrambleTests */ = {
			isa = PBXGroup;
			children = (
				5E756E122A5E092700EBA866 /* WordScrambleTests.swift */,
			);
			path = WordScrambleTests;
			sourceTree = "<group>";
		};
		5E756E1B2A5E092700EBA866 /* WordScrambleUITests */ = {
			isa = PBXGroup;
			children = (
				5E756E1C2A5E092700EBA866 /* WordScrambleUITests.swift */,
				5E756E1E2A5E092700EBA866 /* WordScrambleUITestsLaunchTests.swift */,
			);
			path = WordScrambleUITests;
			sourceTree = "<group>";
		};
/* End PBXGroup section */

/* Begin PBXNativeTarget section */
		5E756DFC2A5E092600EBA866 /* WordScramble */ = {
			isa = PBXNativeTarget;
			buildConfigurationList = 5E756E222A5E092700EBA866 /* Build configuration list for PBXNativeTarget "WordScramble" */;
			buildPhases = (
				5E756DF92A5E092600EBA866 /* Sources */,
				5E756DFA2A5E092600EBA866 /* Frameworks */,
				5E756DFB2A5E092600EBA866 /* Resources */,
			);
			buildRules = (
			);
			dependencies = (
			);
			name = WordScramble;
			productName = WordScramble;
			productReference = 5E756DFD2A5E092600EBA866 /* WordScramble.app */;
			productType = "com.apple.product-type.application";
		};
		5E756E0D2A5E092700EBA866 /* WordScrambleTests */ = {
			isa = PBXNativeTarget;
			buildConfigurationList = 5E756E252A5E092700EBA866 /* Build configuration list for PBXNativeTarget "WordScrambleTests" */;
			buildPhases = (
				5E756E0A2A5E092700EBA866 /* Sources */,
				5E756E0B2A5E092700EBA866 /* Frameworks */,
				5E756E0C2A5E092700EBA866 /* Resources */,
			);
			buildRules = (
			);
			dependencies = (
				5E756E102A5E092700EBA866 /* PBXTargetDependency */,
			);
			name = WordScrambleTests;
			productName = WordScrambleTests;
			productReference = 5E756E0E2A5E092700EBA866 /* WordScrambleTests.xctest */;
			productType = "com.apple.product-type.bundle.unit-test";
		};
		5E756E172A5E092700EBA866 /* WordScrambleUITests */ = {
			isa = PBXNativeTarget;
			buildConfigurationList = 5E756E282A5E092700EBA866 /* Build configuration list for PBXNativeTarget "WordScrambleUITests" */;
			buildPhases = (
				5E756E142A5E092700EBA866 /* Sources */,
				5E756E152A5E092700EBA866 /* Frameworks */,
				5E756E162A5E092700EBA866 /* Resources */,
			);
			buildRules = (
			);
			dependencies = (
				5E756E1A2A5E092700EBA866 /* PBXTargetDependency */,
			);
			name = WordScrambleUITests;
			productName = WordScrambleUITests;
			productReference = 5E756E182A5E092700EBA866 /* WordScrambleUITests.xctest */;
			productType = "com.apple.product-type.bundle.ui-testing";
		};
/* End PBXNativeTarget section */

/* Begin PBXProject section */
		5E756DF52A5E092600EBA866 /* Project object */ = {
			isa = PBXProject;
			attributes = {
				BuildIndependentTargetsInParallel = 1;
				LastSwiftUpdateCheck = 1430;
				LastUpgradeCheck = 1430;
				TargetAttributes = {
					5E756DFC2A5E092600EBA866 = {
						CreatedOnToolsVersion = 14.3.1;
					};
					5E756E0D2A5E092700EBA866 = {
						CreatedOnToolsVersion = 14.3.1;
						TestTargetID = 5E756DFC2A5E092600EBA866;
					};
					5E756E172A5E092700EBA866 = {
						CreatedOnToolsVersion = 14.3.1;
						TestTargetID = 5E756DFC2A5E092600EBA866;
					};
				};
			};
			buildConfigurationList = 5E756DF82A5E092600EBA866 /* Build configuration list for PBXProject "WordScramble" */;
			compatibilityVersion = "Xcode 14.0";
			developmentRegion = en;
			hasScannedForEncodings = 0;
			knownRegions = (
				en,
				Base,
			);
			mainGroup = 5E756DF42A5E092600EBA866;
			productRefGroup = 5E756DFE2A5E092600EBA866 /* Products */;
			projectDirPath = "";
			projectRoot = "";
			targets = (
				5E756DFC2A5E092600EBA866 /* WordScramble */,
				5E756E0D2A5E092700EBA866 /* WordScrambleTests */,
				5E756E172A5E092700EBA866 /* WordScrambleUITests */,
			);
		};
/* End PBXProject section */

/* Begin PBXResourcesBuildPhase section */
		5E756DFB2A5E092600EBA866 /* Resources */ = {
			isa = PBXResourcesBuildPhase;
			buildActionMask = 2147483647;
			files = (
				5E756E092A5E092700EBA866 /* Preview Assets.xcassets in Resources */,
				5E756E2C2A5E096900EBA866 /* start.txt in Resources */,
				5E756E052A5E092700EBA866 /* Assets.xcassets in Resources */,
			);
			runOnlyForDeploymentPostprocessing = 0;
		};
		5E756E0C2A5E092700EBA866 /* Resources */ = {
			isa = PBXResourcesBuildPhase;
			buildActionMask = 2147483647;
			files = (
			);
			runOnlyForDeploymentPostprocessing = 0;
		};
		5E756E162A5E092700EBA866 /* Resources */ = {
			isa = PBXResourcesBuildPhase;
			buildActionMask = 2147483647;
			files = (
			);
			runOnlyForDeploymentPostprocessing = 0;
		};
/* End PBXResourcesBuildPhase section */

/* Begin PBXSourcesBuildPhase section */
		5E756DF92A5E092600EBA866 /* Sources */ = {
			isa = PBXSourcesBuildPhase;
			buildActionMask = 2147483647;
			files = (
				5E756E2E2A5E0CEE00EBA866 /* ContentView.swift in Sources */,
				5E756E012A5E092600EBA866 /* WordScrambleApp.swift in Sources */,
			);
			runOnlyForDeploymentPostprocessing = 0;
		};
		5E756E0A2A5E092700EBA866 /* Sources */ = {
			isa = PBXSourcesBuildPhase;
			buildActionMask = 2147483647;
			files = (
				5E756E132A5E092700EBA866 /* WordScrambleTests.swift in Sources */,
			);
			runOnlyForDeploymentPostprocessing = 0;
		};
		5E756E142A5E092700EBA866 /* Sources */ = {
			isa = PBXSourcesBuildPhase;
			buildActionMask = 2147483647;
			files = (
				5E756E1D2A5E092700EBA866 /* WordScrambleUITests.swift in Sources */,
				5E756E1F2A5E092700EBA866 /* WordScrambleUITestsLaunchTests.swift in Sources */,
			);
			runOnlyForDeploymentPostprocessing = 0;
		};
/* End PBXSourcesBuildPhase section */

/* Begin PBXTargetDependency section */
		5E756E102A5E092700EBA866 /* PBXTargetDependency */ = {
			isa = PBXTargetDependency;
			target = 5E756DFC2A5E092600EBA866 /* WordScramble */;
			targetProxy = 5E756E0F2A5E092700EBA866 /* PBXContainerItemProxy */;
		};
		5E756E1A2A5E092700EBA866 /* PBXTargetDependency */ = {
			isa = PBXTargetDependency;
			target = 5E756DFC2A5E092600EBA866 /* WordScramble */;
			targetProxy = 5E756E192A5E092700EBA866 /* PBXContainerItemProxy */;
		};
/* End PBXTargetDependency section */

/* Begin XCBuildConfiguration section */
		5E756E202A5E092700EBA866 /* Debug */ = {
			isa = XCBuildConfiguration;
			buildSettings = {
				ALWAYS_SEARCH_USER_PATHS = NO;
				CLANG_ANALYZER_NONNULL = YES;
				CLANG_ANALYZER_NUMBER_OBJECT_CONVERSION = YES_AGGRESSIVE;
				CLANG_CXX_LANGUAGE_STANDARD = "gnu++20";
				CLANG_ENABLE_MODULES = YES;
				CLANG_ENABLE_OBJC_ARC = YES;
				CLANG_ENABLE_OBJC_WEAK = YES;
				CLANG_WARN_BLOCK_CAPTURE_AUTORELEASING = YES;
				CLANG_WARN_BOOL_CONVERSION = YES;
				CLANG_WARN_COMMA = YES;
				CLANG_WARN_CONSTANT_CONVERSION = YES;
				CLANG_WARN_DEPRECATED_OBJC_IMPLEMENTATIONS = YES;
				CLANG_WARN_DIRECT_OBJC_ISA_USAGE = YES_ERROR;
				CLANG_WARN_DOCUMENTATION_COMMENTS = YES;
				CLANG_WARN_EMPTY_BODY = YES;
				CLANG_WARN_ENUM_CONVERSION = YES;
				CLANG_WARN_INFINITE_RECURSION = YES;
				CLANG_WARN_INT_CONVERSION = YES;
				CLANG_WARN_NON_LITERAL_NULL_CONVERSION = YES;
				CLANG_WARN_OBJC_IMPLICIT_RETAIN_SELF = YES;
				CLANG_WARN_OBJC_LITERAL_CONVERSION = YES;
				CLANG_WARN_OBJC_ROOT_CLASS = YES_ERROR;
				CLANG_WARN_QUOTED_INCLUDE_IN_FRAMEWORK_HEADER = YES;
				CLANG_WARN_RANGE_LOOP_ANALYSIS = YES;
				CLANG_WARN_STRICT_PROTOTYPES = YES;
				CLANG_WARN_SUSPICIOUS_MOVE = YES;
				CLANG_WARN_UNGUARDED_AVAILABILITY = YES_AGGRESSIVE;
				CLANG_WARN_UNREACHABLE_CODE = YES;
				CLANG_WARN__DUPLICATE_METHOD_MATCH = YES;
				COPY_PHASE_STRIP = NO;
				DEBUG_INFORMATION_FORMAT = dwarf;
				ENABLE_STRICT_OBJC_MSGSEND = YES;
				ENABLE_TESTABILITY = YES;
				GCC_C_LANGUAGE_STANDARD = gnu11;
				GCC_DYNAMIC_NO_PIC = NO;
				GCC_NO_COMMON_BLOCKS = YES;
				GCC_OPTIMIZATION_LEVEL = 0;
				GCC_PREPROCESSOR_DEFINITIONS = (
					"DEBUG=1",
					"$(inherited)",
				);
				GCC_WARN_64_TO_32_BIT_CONVERSION = YES;
				GCC_WARN_ABOUT_RETURN_TYPE = YES_ERROR;
				GCC_WARN_UNDECLARED_SELECTOR = YES;
				GCC_WARN_UNINITIALIZED_AUTOS = YES_AGGRESSIVE;
				GCC_WARN_UNUSED_FUNCTION = YES;
				GCC_WARN_UNUSED_VARIABLE = YES;
				MTL_ENABLE_DEBUG_INFO = INCLUDE_SOURCE;
				MTL_FAST_MATH = YES;
				ONLY_ACTIVE_ARCH = YES;
				SWIFT_ACTIVE_COMPILATION_CONDITIONS = DEBUG;
				SWIFT_OPTIMIZATION_LEVEL = "-Onone";
			};
			name = Debug;
		};
		5E756E212A5E092700EBA866 /* Release */ = {
			isa = XCBuildConfiguration;
			buildSettings = {
				ALWAYS_SEARCH_USER_PATHS = NO;
				CLANG_ANALYZER_NONNULL = YES;
				CLANG_ANALYZER_NUMBER_OBJECT_CONVERSION = YES_AGGRESSIVE;
				CLANG_CXX_LANGUAGE_STANDARD = "gnu++20";
				CLANG_ENABLE_MODULES = YES;
				CLANG_ENABLE_OBJC_ARC = YES;
				CLANG_ENABLE_OBJC_WEAK = YES;
				CLANG_WARN_BLOCK_CAPTURE_AUTORELEASING = YES;
				CLANG_WARN_BOOL_CONVERSION = YES;
				CLANG_WARN_COMMA = YES;
				CLANG_WARN_CONSTANT_CONVERSION = YES;
				CLANG_WARN_DEPRECATED_OBJC_IMPLEMENTATIONS = YES;
				CLANG_WARN_DIRECT_OBJC_ISA_USAGE = YES_ERROR;
				CLANG_WARN_DOCUMENTATION_COMMENTS = YES;
				CLANG_WARN_EMPTY_BODY = YES;
				CLANG_WARN_ENUM_CONVERSION = YES;
				CLANG_WARN_INFINITE_RECURSION = YES;
				CLANG_WARN_INT_CONVERSION = YES;
				CLANG_WARN_NON_LITERAL_NULL_CONVERSION = YES;
				CLANG_WARN_OBJC_IMPLICIT_RETAIN_SELF = YES;
				CLANG_WARN_OBJC_LITERAL_CONVERSION = YES;
				CLANG_WARN_OBJC_ROOT_CLASS = YES_ERROR;
				CLANG_WARN_QUOTED_INCLUDE_IN_FRAMEWORK_HEADER = YES;
				CLANG_WARN_RANGE_LOOP_ANALYSIS = YES;
				CLANG_WARN_STRICT_PROTOTYPES = YES;
				CLANG_WARN_SUSPICIOUS_MOVE = YES;
				CLANG_WARN_UNGUARDED_AVAILABILITY = YES_AGGRESSIVE;
				CLANG_WARN_UNREACHABLE_CODE = YES;
				CLANG_WARN__DUPLICATE_METHOD_MATCH = YES;
				COPY_PHASE_STRIP = NO;
				DEBUG_INFORMATION_FORMAT = "dwarf-with-dsym";
				ENABLE_NS_ASSERTIONS = NO;
				ENABLE_STRICT_OBJC_MSGSEND = YES;
				GCC_C_LANGUAGE_STANDARD = gnu11;
				GCC_NO_COMMON_BLOCKS = YES;
				GCC_WARN_64_TO_32_BIT_CONVERSION = YES;
				GCC_WARN_ABOUT_RETURN_TYPE = YES_ERROR;
				GCC_WARN_UNDECLARED_SELECTOR = YES;
				GCC_WARN_UNINITIALIZED_AUTOS = YES_AGGRESSIVE;
				GCC_WARN_UNUSED_FUNCTION = YES;
				GCC_WARN_UNUSED_VARIABLE = YES;
				MTL_ENABLE_DEBUG_INFO = NO;
				MTL_FAST_MATH = YES;
				SWIFT_COMPILATION_MODE = wholemodule;
				SWIFT_OPTIMIZATION_LEVEL = "-O";
			};
			name = Release;
		};
		5E756E232A5E092700EBA866 /* Debug */ = {
			isa = XCBuildConfiguration;
			buildSettings = {
				ASSETCATALOG_COMPILER_APPICON_NAME = AppIcon;
				ASSETCATALOG_COMPILER_GLOBAL_ACCENT_COLOR_NAME = AccentColor;
				CODE_SIGN_ENTITLEMENTS = WordScramble/WordScramble.entitlements;
				CODE_SIGN_STYLE = Automatic;
				CURRENT_PROJECT_VERSION = 1;
				DEVELOPMENT_ASSET_PATHS = "\"WordScramble/Preview Content\"";
				DEVELOPMENT_TEAM = Q883HJGNY5;
				ENABLE_HARDENED_RUNTIME = YES;
				ENABLE_PREVIEWS = YES;
				GENERATE_INFOPLIST_FILE = YES;
				"INFOPLIST_KEY_UIApplicationSceneManifest_Generation[sdk=iphoneos*]" = YES;
				"INFOPLIST_KEY_UIApplicationSceneManifest_Generation[sdk=iphonesimulator*]" = YES;
				"INFOPLIST_KEY_UIApplicationSupportsIndirectInputEvents[sdk=iphoneos*]" = YES;
				"INFOPLIST_KEY_UIApplicationSupportsIndirectInputEvents[sdk=iphonesimulator*]" = YES;
				"INFOPLIST_KEY_UILaunchScreen_Generation[sdk=iphoneos*]" = YES;
				"INFOPLIST_KEY_UILaunchScreen_Generation[sdk=iphonesimulator*]" = YES;
				"INFOPLIST_KEY_UIStatusBarStyle[sdk=iphoneos*]" = UIStatusBarStyleDefault;
				"INFOPLIST_KEY_UIStatusBarStyle[sdk=iphonesimulator*]" = UIStatusBarStyleDefault;
				INFOPLIST_KEY_UISupportedInterfaceOrientations_iPad = "UIInterfaceOrientationPortrait UIInterfaceOrientationPortraitUpsideDown UIInterfaceOrientationLandscapeLeft UIInterfaceOrientationLandscapeRight";
				INFOPLIST_KEY_UISupportedInterfaceOrientations_iPhone = "UIInterfaceOrientationPortrait UIInterfaceOrientationLandscapeLeft UIInterfaceOrientationLandscapeRight";
				IPHONEOS_DEPLOYMENT_TARGET = 16.4;
				LD_RUNPATH_SEARCH_PATHS = "@executable_path/Frameworks";
				"LD_RUNPATH_SEARCH_PATHS[sdk=macosx*]" = "@executable_path/../Frameworks";
				MACOSX_DEPLOYMENT_TARGET = 13.3;
				MARKETING_VERSION = 1.0;
				PRODUCT_BUNDLE_IDENTIFIER = com.JacqW04.WordScramble;
				PRODUCT_NAME = "$(TARGET_NAME)";
				SDKROOT = auto;
				SUPPORTED_PLATFORMS = "iphoneos iphonesimulator macosx";
				SWIFT_EMIT_LOC_STRINGS = YES;
				SWIFT_VERSION = 5.0;
				TARGETED_DEVICE_FAMILY = "1,2";
			};
			name = Debug;
		};
		5E756E242A5E092700EBA866 /* Release */ = {
			isa = XCBuildConfiguration;
			buildSettings = {
				ASSETCATALOG_COMPILER_APPICON_NAME = AppIcon;
				ASSETCATALOG_COMPILER_GLOBAL_ACCENT_COLOR_NAME = AccentColor;
				CODE_SIGN_ENTITLEMENTS = WordScramble/WordScramble.entitlements;
				CODE_SIGN_STYLE = Automatic;
				CURRENT_PROJECT_VERSION = 1;
				DEVELOPMENT_ASSET_PATHS = "\"WordScramble/Preview Content\"";
				DEVELOPMENT_TEAM = Q883HJGNY5;
				ENABLE_HARDENED_RUNTIME = YES;
				ENABLE_PREVIEWS = YES;
				GENERATE_INFOPLIST_FILE = YES;
				"INFOPLIST_KEY_UIApplicationSceneManifest_Generation[sdk=iphoneos*]" = YES;
				"INFOPLIST_KEY_UIApplicationSceneManifest_Generation[sdk=iphonesimulator*]" = YES;
				"INFOPLIST_KEY_UIApplicationSupportsIndirectInputEvents[sdk=iphoneos*]" = YES;
				"INFOPLIST_KEY_UIApplicationSupportsIndirectInputEvents[sdk=iphonesimulator*]" = YES;
				"INFOPLIST_KEY_UILaunchScreen_Generation[sdk=iphoneos*]" = YES;
				"INFOPLIST_KEY_UILaunchScreen_Generation[sdk=iphonesimulator*]" = YES;
				"INFOPLIST_KEY_UIStatusBarStyle[sdk=iphoneos*]" = UIStatusBarStyleDefault;
				"INFOPLIST_KEY_UIStatusBarStyle[sdk=iphonesimulator*]" = UIStatusBarStyleDefault;
				INFOPLIST_KEY_UISupportedInterfaceOrientations_iPad = "UIInterfaceOrientationPortrait UIInterfaceOrientationPortraitUpsideDown UIInterfaceOrientationLandscapeLeft UIInterfaceOrientationLandscapeRight";
				INFOPLIST_KEY_UISupportedInterfaceOrientations_iPhone = "UIInterfaceOrientationPortrait UIInterfaceOrientationLandscapeLeft UIInterfaceOrientationLandscapeRight";
				IPHONEOS_DEPLOYMENT_TARGET = 16.4;
				LD_RUNPATH_SEARCH_PATHS = "@executable_path/Frameworks";
				"LD_RUNPATH_SEARCH_PATHS[sdk=macosx*]" = "@executable_path/../Frameworks";
				MACOSX_DEPLOYMENT_TARGET = 13.3;
				MARKETING_VERSION = 1.0;
				PRODUCT_BUNDLE_IDENTIFIER = com.JacqW04.WordScramble;
				PRODUCT_NAME = "$(TARGET_NAME)";
				SDKROOT = auto;
				SUPPORTED_PLATFORMS = "iphoneos iphonesimulator macosx";
				SWIFT_EMIT_LOC_STRINGS = YES;
				SWIFT_VERSION = 5.0;
				TARGETED_DEVICE_FAMILY = "1,2";
			};
			name = Release;
		};
		5E756E262A5E092700EBA866 /* Debug */ = {
			isa = XCBuildConfiguration;
			buildSettings = {
				ALWAYS_EMBED_SWIFT_STANDARD_LIBRARIES = YES;
				BUNDLE_LOADER = "$(TEST_HOST)";
				CODE_SIGN_STYLE = Automatic;
				CURRENT_PROJECT_VERSION = 1;
				DEVELOPMENT_TEAM = Q883HJGNY5;
				GENERATE_INFOPLIST_FILE = YES;
				IPHONEOS_DEPLOYMENT_TARGET = 16.4;
				MACOSX_DEPLOYMENT_TARGET = 13.3;
				MARKETING_VERSION = 1.0;
				PRODUCT_BUNDLE_IDENTIFIER = com.JacqW04.WordScrambleTests;
				PRODUCT_NAME = "$(TARGET_NAME)";
				SDKROOT = auto;
				SUPPORTED_PLATFORMS = "iphoneos iphonesimulator macosx";
				SWIFT_EMIT_LOC_STRINGS = NO;
				SWIFT_VERSION = 5.0;
				TARGETED_DEVICE_FAMILY = "1,2";
				TEST_HOST = "$(BUILT_PRODUCTS_DIR)/WordScramble.app/$(BUNDLE_EXECUTABLE_FOLDER_PATH)/WordScramble";
			};
			name = Debug;
		};
		5E756E272A5E092700EBA866 /* Release */ = {
			isa = XCBuildConfiguration;
			buildSettings = {
				ALWAYS_EMBED_SWIFT_STANDARD_LIBRARIES = YES;
				BUNDLE_LOADER = "$(TEST_HOST)";
				CODE_SIGN_STYLE = Automatic;
				CURRENT_PROJECT_VERSION = 1;
				DEVELOPMENT_TEAM = Q883HJGNY5;
				GENERATE_INFOPLIST_FILE = YES;
				IPHONEOS_DEPLOYMENT_TARGET = 16.4;
				MACOSX_DEPLOYMENT_TARGET = 13.3;
				MARKETING_VERSION = 1.0;
				PRODUCT_BUNDLE_IDENTIFIER = com.JacqW04.WordScrambleTests;
				PRODUCT_NAME = "$(TARGET_NAME)";
				SDKROOT = auto;
				SUPPORTED_PLATFORMS = "iphoneos iphonesimulator macosx";
				SWIFT_EMIT_LOC_STRINGS = NO;
				SWIFT_VERSION = 5.0;
				TARGETED_DEVICE_FAMILY = "1,2";
				TEST_HOST = "$(BUILT_PRODUCTS_DIR)/WordScramble.app/$(BUNDLE_EXECUTABLE_FOLDER_PATH)/WordScramble";
			};
			name = Release;
		};
		5E756E292A5E092700EBA866 /* Debug */ = {
			isa = XCBuildConfiguration;
			buildSettings = {
				ALWAYS_EMBED_SWIFT_STANDARD_LIBRARIES = YES;
				CODE_SIGN_STYLE = Automatic;
				CURRENT_PROJECT_VERSION = 1;
				DEVELOPMENT_TEAM = Q883HJGNY5;
				GENERATE_INFOPLIST_FILE = YES;
				IPHONEOS_DEPLOYMENT_TARGET = 16.4;
				MACOSX_DEPLOYMENT_TARGET = 13.3;
				MARKETING_VERSION = 1.0;
				PRODUCT_BUNDLE_IDENTIFIER = com.JacqW04.WordScrambleUITests;
				PRODUCT_NAME = "$(TARGET_NAME)";
				SDKROOT = auto;
				SUPPORTED_PLATFORMS = "iphoneos iphonesimulator macosx";
				SWIFT_EMIT_LOC_STRINGS = NO;
				SWIFT_VERSION = 5.0;
				TARGETED_DEVICE_FAMILY = "1,2";
				TEST_TARGET_NAME = WordScramble;
			};
			name = Debug;
		};
		5E756E2A2A5E092700EBA866 /* Release */ = {
			isa = XCBuildConfiguration;
			buildSettings = {
				ALWAYS_EMBED_SWIFT_STANDARD_LIBRARIES = YES;
				CODE_SIGN_STYLE = Automatic;
				CURRENT_PROJECT_VERSION = 1;
				DEVELOPMENT_TEAM = Q883HJGNY5;
				GENERATE_INFOPLIST_FILE = YES;
				IPHONEOS_DEPLOYMENT_TARGET = 16.4;
				MACOSX_DEPLOYMENT_TARGET = 13.3;
				MARKETING_VERSION = 1.0;
				PRODUCT_BUNDLE_IDENTIFIER = com.JacqW04.WordScrambleUITests;
				PRODUCT_NAME = "$(TARGET_NAME)";
				SDKROOT = auto;
				SUPPORTED_PLATFORMS = "iphoneos iphonesimulator macosx";
				SWIFT_EMIT_LOC_STRINGS = NO;
				SWIFT_VERSION = 5.0;
				TARGETED_DEVICE_FAMILY = "1,2";
				TEST_TARGET_NAME = WordScramble;
			};
			name = Release;
		};
/* End XCBuildConfiguration section */

/* Begin XCConfigurationList section */
		5E756DF82A5E092600EBA866 /* Build configuration list for PBXProject "WordScramble" */ = {
			isa = XCConfigurationList;
			buildConfigurations = (
				5E756E202A5E092700EBA866 /* Debug */,
				5E756E212A5E092700EBA866 /* Release */,
			);
			defaultConfigurationIsVisible = 0;
			defaultConfigurationName = Release;
		};
		5E756E222A5E092700EBA866 /* Build configuration list for PBXNativeTarget "WordScramble" */ = {
			isa = XCConfigurationList;
			buildConfigurations = (
				5E756E232A5E092700EBA866 /* Debug */,
				5E756E242A5E092700EBA866 /* Release */,
			);
			defaultConfigurationIsVisible = 0;
			defaultConfigurationName = Release;
		};
		5E756E252A5E092700EBA866 /* Build configuration list for PBXNativeTarget "WordScrambleTests" */ = {
			isa = XCConfigurationList;
			buildConfigurations = (
				5E756E262A5E092700EBA866 /* Debug */,
				5E756E272A5E092700EBA866 /* Release */,
			);
			defaultConfigurationIsVisible = 0;
			defaultConfigurationName = Release;
		};
		5E756E282A5E092700EBA866 /* Build configuration list for PBXNativeTarget "WordScrambleUITests" */ = {
			isa = XCConfigurationList;
			buildConfigurations = (
				5E756E292A5E092700EBA866 /* Debug */,
				5E756E2A2A5E092700EBA866 /* Release */,
			);
			defaultConfigurationIsVisible = 0;
			defaultConfigurationName = Release;
		};
/* End XCConfigurationList section */
	};
	rootObject = 5E756DF52A5E092600EBA866 /* Project object */;
}
